
Microsoft Visual Studio Solution File, Format Version 11.00
# Visual Studio 2010
Project("{FAE04EC0-301F-11D3-BF4B-00C04F79EFBC}") = "Efore", "Efore\Efore.csproj", "{DCC35379-4F1B-491B-9CB6-3FF04F43835C}"
EndProject
Global
	GlobalSection(SolutionConfigurationPlatforms) = preSolution
		Debug|x86 = Debug|x86
		Release|x86 = Release|x86
	EndGlobalSection
	GlobalSection(ProjectConfigurationPlatforms) = postSolution
		{DCC35379-4F1B-491B-9CB6-3FF04F43835C}.Debug|x86.ActiveCfg = Debug|x86
		{DCC35379-4F1B-491B-9CB6-3FF04F43835C}.Debug|x86.Build.0 = Debug|x86
		{DCC35379-4F1B-491B-9CB6-3FF04F43835C}.Release|x86.ActiveCfg = Release|x86
		{DCC35379-4F1B-491B-9CB6-3FF04F43835C}.Release|x86.Build.0 = Release|x86
	EndGlobalSection
	GlobalSection(SolutionProperties) = preSolution
		HideSolutionNode = FALSE
	EndGlobalSection
EndGlobal
